{
  "name": "@genuine-forms/web-components",
  "version": "1.0.7",
  "lockfileVersion": 3,
  "requires": true,
  "packages": {
    "": {
      "name": "@genuine-forms/web-components",
      "version": "1.0.5",
      "license": "MIT",
      "dependencies": {
        "@genuine-captcha/web-components": "^1.0.8"
      }
    },
    "node_modules/@genuine-captcha/web-components": {
      "version": "1.0.8",
      "resolved": "https://registry.npmjs.org/@genuine-captcha/web-components/-/web-components-1.0.8.tgz",
      "integrity": "sha512-vefIbt9MhLF6W7zYIEkDwws6WS5Sk7H5ntaw/I6AiUEOYOJsG5zGzU/40TGx6ZCEXWj4nYfeY7Gd1WaRRidjWw==",
      "license": "MIT"
    }
  }
}
