{
  "name": "@genuine-forms/web-components",
  "version": "1.0.4",
  "lockfileVersion": 3,
  "requires": true,
  "packages": {
    "": {
      "name": "@genuine-forms/web-components",
      "version": "1.0.2",
      "license": "MIT",
      "dependencies": {
        "@genuine-captcha/web-components": "^1.0.7"
      }
    },
    "node_modules/@genuine-captcha/web-components": {
      "version": "1.0.7",
      "resolved": "https://registry.npmjs.org/@genuine-captcha/web-components/-/web-components-1.0.7.tgz",
      "integrity": "sha512-ukClXpbydnuHqCRyFGFfPvh5hcVWoPDpoOy3fEPGvl1d3ElU7DcY03oT59nx2d2wHxgoJVYQZbPP8Pe3XRmHqA==",
      "license": "MIT"
    }
  }
}
