{
  "name": "@genuine-forms/web-components",
  "version": "1.0.23",
  "lockfileVersion": 3,
  "requires": true,
  "packages": {
    "": {
      "name": "@genuine-forms/web-components",
      "version": "1.0.23",
      "license": "MIT",
      "dependencies": {
        "@genuine-captcha/web-components": "1.0.15"
      }
    },
    "node_modules/@genuine-captcha/web-components": {
      "version": "1.0.15",
      "resolved": "https://registry.npmjs.org/@genuine-captcha/web-components/-/web-components-1.0.15.tgz",
      "integrity": "sha512-UxlgQ1k1G9WBZmP9en5Z/PdGlp4kI/AyK6GeUsimhbk/4FZBPuSclr6w6jJYI+NYj82u/GEJSgoEV4QIpTVHlQ==",
      "license": "MIT"
    }
  }
}
